
Microsoft Visual Studio Solution File, Format Version 12.00
# Visual Studio Version 17
VisualStudioVersion = 17.0.31912.275
MinimumVisualStudioVersion = 10.0.40219.1
Project("{FAE04EC0-301F-11D3-BF4B-00C04F79EFBC}") = "MedSystem", "MedSystem\MedSystem.csproj", "{DD979F75-2ADE-46F3-A823-7377DDB281ED}"
EndProject
Global
	GlobalSection(SolutionConfigurationPlatforms) = preSolution
		Debug|Any CPU = Debug|Any CPU
		Release|Any CPU = Release|Any CPU
	EndGlobalSection
	GlobalSection(ProjectConfigurationPlatforms) = postSolution
		{DD979F75-2ADE-46F3-A823-7377DDB281ED}.Debug|Any CPU.ActiveCfg = Debug|Any CPU
		{DD979F75-2ADE-46F3-A823-7377DDB281ED}.Debug|Any CPU.Build.0 = Debug|Any CPU
		{DD979F75-2ADE-46F3-A823-7377DDB281ED}.Release|Any CPU.ActiveCfg = Release|Any CPU
		{DD979F75-2ADE-46F3-A823-7377DDB281ED}.Release|Any CPU.Build.0 = Release|Any CPU
	EndGlobalSection
	GlobalSection(SolutionProperties) = preSolution
		HideSolutionNode = FALSE
	EndGlobalSection
	GlobalSection(ExtensibilityGlobals) = postSolution
		SolutionGuid = {5F27D098-2AE9-4882-BB59-118A195116C2}
	EndGlobalSection
EndGlobal
